# This file is automatically @generated by Cargo.
# It is not intended for manual editing.
version = 4

[[package]]
name = "grub-boot-reader"
version = "0.1.0"

[[package]]
name = "grub-config-parser"
version = "0.1.0"

[[package]]
name = "grub-distro-adapter"
version = "0.1.0"

[[package]]
name = "grub-transaction-engine"
version = "0.1.0"

[[package]]
name = "helmsman-daemon"
version = "0.1.0"
dependencies = [
 "grub-boot-reader",
 "grub-config-parser",
 "grub-distro-adapter",
 "grub-transaction-engine",
]

[[package]]
name = "helmsman-ui"
version = "0.1.0"
dependencies = [
 "grub-boot-reader",
 "grub-config-parser",
 "grub-distro-adapter",
 "grub-transaction-engine",
 "helmsman-daemon",
]
